
Microsoft Visual Studio Solution File, Format Version 12.00
# Visual Studio 15
VisualStudioVersion = 15.0.27703.2018
MinimumVisualStudioVersion = 10.0.40219.1
Project("{FAE04EC0-301F-11D3-BF4B-00C04F79EFBC}") = "XamarinDiary.Android", "XamarinDiary\XamarinDiary.Android\XamarinDiary.Android.csproj", "{B51BA0A6-CDF2-4B95-A908-0261CAD79B3E}"
EndProject
Project("{FAE04EC0-301F-11D3-BF4B-00C04F79EFBC}") = "XamarinDiary.iOS", "XamarinDiary\XamarinDiary.iOS\XamarinDiary.iOS.csproj", "{FA67494B-9AA5-46A3-9ACC-C71E35F8B877}"
EndProject
Project("{FAE04EC0-301F-11D3-BF4B-00C04F79EFBC}") = "XamarinDiary", "XamarinDiary\XamarinDiary\XamarinDiary.csproj", "{2473F7D0-96BC-4732-A164-7067038CC5F2}"
EndProject
Global
	GlobalSection(SolutionConfigurationPlatforms) = preSolution
		Debug|Any CPU = Debug|Any CPU
		Debug|iPhone = Debug|iPhone
		Debug|iPhoneSimulator = Debug|iPhoneSimulator
		Release|Any CPU = Release|Any CPU
		Release|iPhone = Release|iPhone
		Release|iPhoneSimulator = Release|iPhoneSimulator
	EndGlobalSection
	GlobalSection(ProjectConfigurationPlatforms) = postSolution
		{B51BA0A6-CDF2-4B95-A908-0261CAD79B3E}.Debug|Any CPU.ActiveCfg = Debug|Any CPU
		{B51BA0A6-CDF2-4B95-A908-0261CAD79B3E}.Debug|Any CPU.Build.0 = Debug|Any CPU
		{B51BA0A6-CDF2-4B95-A908-0261CAD79B3E}.Debug|Any CPU.Deploy.0 = Debug|Any CPU
		{B51BA0A6-CDF2-4B95-A908-0261CAD79B3E}.Debug|iPhone.ActiveCfg = Debug|Any CPU
		{B51BA0A6-CDF2-4B95-A908-0261CAD79B3E}.Debug|iPhone.Build.0 = Debug|Any CPU
		{B51BA0A6-CDF2-4B95-A908-0261CAD79B3E}.Debug|iPhone.Deploy.0 = Debug|Any CPU
		{B51BA0A6-CDF2-4B95-A908-0261CAD79B3E}.Debug|iPhoneSimulator.ActiveCfg = Debug|Any CPU
		{B51BA0A6-CDF2-4B95-A908-0261CAD79B3E}.Debug|iPhoneSimulator.Build.0 = Debug|Any CPU
		{B51BA0A6-CDF2-4B95-A908-0261CAD79B3E}.Debug|iPhoneSimulator.Deploy.0 = Debug|Any CPU
		{B51BA0A6-CDF2-4B95-A908-0261CAD79B3E}.Release|Any CPU.ActiveCfg = Release|Any CPU
		{B51BA0A6-CDF2-4B95-A908-0261CAD79B3E}.Release|Any CPU.Build.0 = Release|Any CPU
		{B51BA0A6-CDF2-4B95-A908-0261CAD79B3E}.Release|Any CPU.Deploy.0 = Release|Any CPU
		{B51BA0A6-CDF2-4B95-A908-0261CAD79B3E}.Release|iPhone.ActiveCfg = Release|Any CPU
		{B51BA0A6-CDF2-4B95-A908-0261CAD79B3E}.Release|iPhone.Build.0 = Release|Any CPU
		{B51BA0A6-CDF2-4B95-A908-0261CAD79B3E}.Release|iPhone.Deploy.0 = Release|Any CPU
		{B51BA0A6-CDF2-4B95-A908-0261CAD79B3E}.Release|iPhoneSimulator.ActiveCfg = Release|Any CPU
		{B51BA0A6-CDF2-4B95-A908-0261CAD79B3E}.Release|iPhoneSimulator.Build.0 = Release|Any CPU
		{B51BA0A6-CDF2-4B95-A908-0261CAD79B3E}.Release|iPhoneSimulator.Deploy.0 = Release|Any CPU
		{FA67494B-9AA5-46A3-9ACC-C71E35F8B877}.Debug|Any CPU.ActiveCfg = Debug|iPhoneSimulator
		{FA67494B-9AA5-46A3-9ACC-C71E35F8B877}.Debug|Any CPU.Build.0 = Debug|iPhoneSimulator
		{FA67494B-9AA5-46A3-9ACC-C71E35F8B877}.Debug|Any CPU.Deploy.0 = Debug|iPhoneSimulator
		{FA67494B-9AA5-46A3-9ACC-C71E35F8B877}.Debug|iPhone.ActiveCfg = Debug|iPhone
		{FA67494B-9AA5-46A3-9ACC-C71E35F8B877}.Debug|iPhone.Build.0 = Debug|iPhone
		{FA67494B-9AA5-46A3-9ACC-C71E35F8B877}.Debug|iPhone.Deploy.0 = Debug|iPhone
		{FA67494B-9AA5-46A3-9ACC-C71E35F8B877}.Debug|iPhoneSimulator.ActiveCfg = Debug|iPhoneSimulator
		{FA67494B-9AA5-46A3-9ACC-C71E35F8B877}.Debug|iPhoneSimulator.Build.0 = Debug|iPhoneSimulator
		{FA67494B-9AA5-46A3-9ACC-C71E35F8B877}.Debug|iPhoneSimulator.Deploy.0 = Debug|iPhoneSimulator
		{FA67494B-9AA5-46A3-9ACC-C71E35F8B877}.Release|Any CPU.ActiveCfg = Release|iPhone
		{FA67494B-9AA5-46A3-9ACC-C71E35F8B877}.Release|Any CPU.Build.0 = Release|iPhone
		{FA67494B-9AA5-46A3-9ACC-C71E35F8B877}.Release|Any CPU.Deploy.0 = Release|iPhone
		{FA67494B-9AA5-46A3-9ACC-C71E35F8B877}.Release|iPhone.ActiveCfg = Release|iPhone
		{FA67494B-9AA5-46A3-9ACC-C71E35F8B877}.Release|iPhone.Build.0 = Release|iPhone
		{FA67494B-9AA5-46A3-9ACC-C71E35F8B877}.Release|iPhone.Deploy.0 = Release|iPhone
		{FA67494B-9AA5-46A3-9ACC-C71E35F8B877}.Release|iPhoneSimulator.ActiveCfg = Release|iPhoneSimulator
		{FA67494B-9AA5-46A3-9ACC-C71E35F8B877}.Release|iPhoneSimulator.Build.0 = Release|iPhoneSimulator
		{FA67494B-9AA5-46A3-9ACC-C71E35F8B877}.Release|iPhoneSimulator.Deploy.0 = Release|iPhoneSimulator
		{2473F7D0-96BC-4732-A164-7067038CC5F2}.Debug|Any CPU.ActiveCfg = Debug|Any CPU
		{2473F7D0-96BC-4732-A164-7067038CC5F2}.Debug|Any CPU.Build.0 = Debug|Any CPU
		{2473F7D0-96BC-4732-A164-7067038CC5F2}.Debug|Any CPU.Deploy.0 = Debug|Any CPU
		{2473F7D0-96BC-4732-A164-7067038CC5F2}.Debug|iPhone.ActiveCfg = Debug|Any CPU
		{2473F7D0-96BC-4732-A164-7067038CC5F2}.Debug|iPhone.Build.0 = Debug|Any CPU
		{2473F7D0-96BC-4732-A164-7067038CC5F2}.Debug|iPhone.Deploy.0 = Debug|Any CPU
		{2473F7D0-96BC-4732-A164-7067038CC5F2}.Debug|iPhoneSimulator.ActiveCfg = Debug|Any CPU
		{2473F7D0-96BC-4732-A164-7067038CC5F2}.Debug|iPhoneSimulator.Build.0 = Debug|Any CPU
		{2473F7D0-96BC-4732-A164-7067038CC5F2}.Debug|iPhoneSimulator.Deploy.0 = Debug|Any CPU
		{2473F7D0-96BC-4732-A164-7067038CC5F2}.Release|Any CPU.ActiveCfg = Release|Any CPU
		{2473F7D0-96BC-4732-A164-7067038CC5F2}.Release|Any CPU.Build.0 = Release|Any CPU
		{2473F7D0-96BC-4732-A164-7067038CC5F2}.Release|Any CPU.Deploy.0 = Release|Any CPU
		{2473F7D0-96BC-4732-A164-7067038CC5F2}.Release|iPhone.ActiveCfg = Release|Any CPU
		{2473F7D0-96BC-4732-A164-7067038CC5F2}.Release|iPhone.Build.0 = Release|Any CPU
		{2473F7D0-96BC-4732-A164-7067038CC5F2}.Release|iPhone.Deploy.0 = Release|Any CPU
		{2473F7D0-96BC-4732-A164-7067038CC5F2}.Release|iPhoneSimulator.ActiveCfg = Release|Any CPU
		{2473F7D0-96BC-4732-A164-7067038CC5F2}.Release|iPhoneSimulator.Build.0 = Release|Any CPU
		{2473F7D0-96BC-4732-A164-7067038CC5F2}.Release|iPhoneSimulator.Deploy.0 = Release|Any CPU
	EndGlobalSection
	GlobalSection(SolutionProperties) = preSolution
		HideSolutionNode = FALSE
	EndGlobalSection
	GlobalSection(ExtensibilityGlobals) = postSolution
		SolutionGuid = {017C7AA1-2C99-4FFF-BE60-2E42DCCB4C4C}
	EndGlobalSection
EndGlobal
